Microsoft Visual Studio Solution File, Format Version 11.00
# Visual Studio 2008

Project("{0DD26CB5-D51A-E380-40AB-70B1EAC150D1}") = "SunnyDays", "Assembly-CSharp.csproj", "{46B9C7A5-5E62-A815-784A-43DE1EDFF0F0}"
EndProject
Global
	GlobalSection(SolutionConfigurationPlatforms) = preSolution
		Debug|Any CPU = Debug|Any CPU
		Release|Any CPU = Release|Any CPU
	EndGlobalSection
	GlobalSection(ProjectConfigurationPlatforms) = postSolution
		{46B9C7A5-5E62-A815-784A-43DE1EDFF0F0}.Debug|Any CPU.ActiveCfg = Debug|Any CPU
		{46B9C7A5-5E62-A815-784A-43DE1EDFF0F0}.Debug|Any CPU.Build.0 = Debug|Any CPU
		{46B9C7A5-5E62-A815-784A-43DE1EDFF0F0}.Release|Any CPU.ActiveCfg = Release|Any CPU
		{46B9C7A5-5E62-A815-784A-43DE1EDFF0F0}.Release|Any CPU.Build.0 = Release|Any CPU
	EndGlobalSection
	GlobalSection(SolutionProperties) = preSolution
		HideSolutionNode = FALSE
	EndGlobalSection
	GlobalSection(MonoDevelopProperties) = preSolution
		StartupItem = Assembly-CSharp.csproj
	EndGlobalSection
EndGlobal
